
Microsoft Visual Studio Solution File, Format Version 12.00
# Visual Studio 2012
Project("{FAE04EC0-301F-11D3-BF4B-00C04F79EFBC}") = "SimpleWebApiService", "SimpleWebApiService\SimpleWebApiService.csproj", "{E3225F61-7BD8-4F63-81E4-90DB2C9247D2}"
EndProject
Project("{2150E333-8FDC-42A3-9474-1A3956D46DE8}") = ".nuget", ".nuget", "{97E1A6BB-8C4B-4891-841D-D3491EB30988}"
	ProjectSection(SolutionItems) = preProject
		.nuget\NuGet.Config = .nuget\NuGet.Config
		.nuget\NuGet.exe = .nuget\NuGet.exe
		.nuget\NuGet.targets = .nuget\NuGet.targets
	EndProjectSection
EndProject
Global
	GlobalSection(SolutionConfigurationPlatforms) = preSolution
		Debug|Any CPU = Debug|Any CPU
		Release|Any CPU = Release|Any CPU
	EndGlobalSection
	GlobalSection(ProjectConfigurationPlatforms) = postSolution
		{E3225F61-7BD8-4F63-81E4-90DB2C9247D2}.Debug|Any CPU.ActiveCfg = Debug|Any CPU
		{E3225F61-7BD8-4F63-81E4-90DB2C9247D2}.Debug|Any CPU.Build.0 = Debug|Any CPU
		{E3225F61-7BD8-4F63-81E4-90DB2C9247D2}.Release|Any CPU.ActiveCfg = Release|Any CPU
		{E3225F61-7BD8-4F63-81E4-90DB2C9247D2}.Release|Any CPU.Build.0 = Release|Any CPU
	EndGlobalSection
	GlobalSection(SolutionProperties) = preSolution
		HideSolutionNode = FALSE
	EndGlobalSection
EndGlobal
